// !$*UTF8*$!
{
	archiveVersion = 1;
	classes = {
	};
	objectVersion = 46;
	objects = {

/* Begin PBXBuildFile section */
		6ED2D5DA1594E054008CCBEE /* main.c in Sources */ = {isa = PBXBuildFile; fileRef = 6ED2D5D91594E054008CCBEE /* main.c */; };
		6ED2D5DC1594E054008CCBEE /* typetest.1 in CopyFiles */ = {isa = PBXBuildFile; fileRef = 6ED2D5DB1594E054008CCBEE /* typetest.1 */; };
/* End PBXBuildFile section */

/* Begin PBXCopyFilesBuildPhase section */
		6ED2D5D31594E054008CCBEE /* CopyFiles */ = {
			isa = PBXCopyFilesBuildPhase;
			buildActionMask = 2147483647;
			dstPath = /usr/share/man/man1/;
			dstSubfolderSpec = 0;
			files = (
				6ED2D5DC1594E054008CCBEE /* typetest.1 in CopyFiles */,
			);
			runOnlyForDeploymentPostprocessing = 1;
		};
/* End PBXCopyFilesBuildPhase section */

/* Begin PBXFileReference section */
		6ED2D5D51594E054008CCBEE /* typetest */ = {isa = PBXFileReference; explicitFileType = "compiled.mach-o.executable"; includeInIndex = 0; path = typetest; sourceTree = BUILT_PRODUCTS_DIR; };
		6ED2D5D91594E054008CCBEE /* main.c */ = {isa = PBXFileReference; lastKnownFileType = sourcecode.c.c; path = main.c; sourceTree = "<group>"; };
		6ED2D5DB1594E054008CCBEE /* typetest.1 */ = {isa = PBXFileReference; lastKnownFileType = text.man; path = typetest.1; sourceTree = "<group>"; };
/* End PBXFileReference section */

/* Begin PBXFrameworksBuildPhase section */
		6ED2D5D21594E054008CCBEE /* Frameworks */ = {
			isa = PBXFrameworksBuildPhase;
			buildActionMask = 2147483647;
			files = (
			);
			runOnlyForDeploymentPostprocessing = 0;
		};
/* End PBXFrameworksBuildPhase section */

/* Begin PBXGroup section */
		6ED2D5CA1594E054008CCBEE = {
			isa = PBXGroup;
			children = (
				6ED2D5D81594E054008CCBEE /* typetest */,
				6ED2D5D61594E054008CCBEE /* Products */,
			);
			sourceTree = "<group>";
		};
		6ED2D5D61594E054008CCBEE /* Products */ = {
			isa = PBXGroup;
			children = (
				6ED2D5D51594E054008CCBEE /* typetest */,
			);
			name = Products;
			sourceTree = "<group>";
		};
		6ED2D5D81594E054008CCBEE /* typetest */ = {
			isa = PBXGroup;
			children = (
				6ED2D5D91594E054008CCBEE /* main.c */,
				6ED2D5DB1594E054008CCBEE /* typetest.1 */,
			);
			path = typetest;
			sourceTree = "<group>";
		};
/* End PBXGroup section */

/* Begin PBXNativeTarget section */
		6ED2D5D41594E054008CCBEE /* typetest */ = {
			isa = PBXNativeTarget;
			buildConfigurationList = 6ED2D5DF1594E054008CCBEE /* Build configuration list for PBXNativeTarget "typetest" */;
			buildPhases = (
				6ED2D5D11594E054008CCBEE /* Sources */,
				6ED2D5D21594E054008CCBEE /* Frameworks */,
				6ED2D5D31594E054008CCBEE /* CopyFiles */,
			);
			buildRules = (
			);
			dependencies = (
			);
			name = typetest;
			productName = typetest;
			productReference = 6ED2D5D51594E054008CCBEE /* typetest */;
			productType = "com.apple.product-type.tool";
		};
/* End PBXNativeTarget section */

/* Begin PBXProject section */
		6ED2D5CC1594E054008CCBEE /* Project object */ = {
			isa = PBXProject;
			attributes = {
				LastUpgradeCheck = 0430;
				ORGANIZATIONNAME = "Gala Factory Software, LLC";
			};
			buildConfigurationList = 6ED2D5CF1594E054008CCBEE /* Build configuration list for PBXProject "typetest" */;
			compatibilityVersion = "Xcode 3.2";
			developmentRegion = English;
			hasScannedForEncodings = 0;
			knownRegions = (
				en,
			);
			mainGroup = 6ED2D5CA1594E054008CCBEE;
			productRefGroup = 6ED2D5D61594E054008CCBEE /* Products */;
			projectDirPath = "";
			projectRoot = "";
			targets = (
				6ED2D5D41594E054008CCBEE /* typetest */,
			);
		};
/* End PBXProject section */

/* Begin PBXSourcesBuildPhase section */
		6ED2D5D11594E054008CCBEE /* Sources */ = {
			isa = PBXSourcesBuildPhase;
			buildActionMask = 2147483647;
			files = (
				6ED2D5DA1594E054008CCBEE /* main.c in Sources */,
			);
			runOnlyForDeploymentPostprocessing = 0;
		};
/* End PBXSourcesBuildPhase section */

/* Begin XCBuildConfiguration section */
		6ED2D5DD1594E054008CCBEE /* Debug */ = {
			isa = XCBuildConfiguration;
			buildSettings = {
				ALWAYS_SEARCH_USER_PATHS = NO;
				ARCHS = "$(ARCHS_STANDARD_64_BIT)";
				CLANG_ENABLE_OBJC_ARC = YES;
				COPY_PHASE_STRIP = NO;
				GCC_C_LANGUAGE_STANDARD = gnu99;
				GCC_DYNAMIC_NO_PIC = NO;
				GCC_ENABLE_OBJC_EXCEPTIONS = YES;
				GCC_OPTIMIZATION_LEVEL = 0;
				GCC_PREPROCESSOR_DEFINITIONS = (
					"DEBUG=1",
					"$(inherited)",
				);
				GCC_SYMBOLS_PRIVATE_EXTERN = NO;
				GCC_VERSION = com.apple.compilers.llvm.clang.1_0;
				GCC_WARN_64_TO_32_BIT_CONVERSION = YES;
				GCC_WARN_ABOUT_RETURN_TYPE = YES;
				GCC_WARN_UNINITIALIZED_AUTOS = YES;
				GCC_WARN_UNUSED_VARIABLE = YES;
				MACOSX_DEPLOYMENT_TARGET = 10.7;
				ONLY_ACTIVE_ARCH = YES;
				SDKROOT = macosx;
			};
			name = Debug;
		};
		6ED2D5DE1594E054008CCBEE /* Release */ = {
			isa = XCBuildConfiguration;
			buildSettings = {
				ALWAYS_SEARCH_USER_PATHS = NO;
				ARCHS = "$(ARCHS_STANDARD_64_BIT)";
				CLANG_ENABLE_OBJC_ARC = YES;
				COPY_PHASE_STRIP = YES;
				DEBUG_INFORMATION_FORMAT = "dwarf-with-dsym";
				GCC_C_LANGUAGE_STANDARD = gnu99;
				GCC_ENABLE_OBJC_EXCEPTIONS = YES;
				GCC_VERSION = com.apple.compilers.llvm.clang.1_0;
				GCC_WARN_64_TO_32_BIT_CONVERSION = YES;
				GCC_WARN_ABOUT_RETURN_TYPE = YES;
				GCC_WARN_UNINITIALIZED_AUTOS = YES;
				GCC_WARN_UNUSED_VARIABLE = YES;
				MACOSX_DEPLOYMENT_TARGET = 10.7;
				SDKROOT = macosx;
			};
			name = Release;
		};
		6ED2D5E01594E054008CCBEE /* Debug */ = {
			isa = XCBuildConfiguration;
			buildSettings = {
				PRODUCT_NAME = "$(TARGET_NAME)";
			};
			name = Debug;
		};
		6ED2D5E11594E054008CCBEE /* Release */ = {
			isa = XCBuildConfiguration;
			buildSettings = {
				PRODUCT_NAME = "$(TARGET_NAME)";
			};
			name = Release;
		};
/* End XCBuildConfiguration section */

/* Begin XCConfigurationList section */
		6ED2D5CF1594E054008CCBEE /* Build configuration list for PBXProject "typetest" */ = {
			isa = XCConfigurationList;
			buildConfigurations = (
				6ED2D5DD1594E054008CCBEE /* Debug */,
				6ED2D5DE1594E054008CCBEE /* Release */,
			);
			defaultConfigurationIsVisible = 0;
			defaultConfigurationName = Release;
		};
		6ED2D5DF1594E054008CCBEE /* Build configuration list for PBXNativeTarget "typetest" */ = {
			isa = XCConfigurationList;
			buildConfigurations = (
				6ED2D5E01594E054008CCBEE /* Debug */,
				6ED2D5E11594E054008CCBEE /* Release */,
			);
			defaultConfigurationIsVisible = 0;
		};
/* End XCConfigurationList section */
	};
	rootObject = 6ED2D5CC1594E054008CCBEE /* Project object */;
}
